// !$*UTF8*$!
{
	archiveVersion = 1;
	classes = {
	};
	objectVersion = 77;
	objects = {

/* Begin PBXContainerItemProxy section */
		FB94838C2CFF83E600007C78 /* PBXContainerItemProxy */ = {
			isa = PBXContainerItemProxy;
			containerPortal = FB9483732CFF83E400007C78 /* Project object */;
			proxyType = 1;
			remoteGlobalIDString = FB94837A2CFF83E400007C78;
			remoteInfo = FisrtAppIOs;
		};
		FB9483962CFF83E600007C78 /* PBXContainerItemProxy */ = {
			isa = PBXContainerItemProxy;
			containerPortal = FB9483732CFF83E400007C78 /* Project object */;
			proxyType = 1;
			remoteGlobalIDString = FB94837A2CFF83E400007C78;
			remoteInfo = FisrtAppIOs;
		};
/* End PBXContainerItemProxy section */

/* Begin PBXFileReference section */
		FB94837B2CFF83E400007C78 /* FisrtAppIOs.app */ = {isa = PBXFileReference; explicitFileType = wrapper.application; includeInIndex = 0; path = FisrtAppIOs.app; sourceTree = BUILT_PRODUCTS_DIR; };
		FB94838B2CFF83E600007C78 /* FisrtAppIOsTests.xctest */ = {isa = PBXFileReference; explicitFileType = wrapper.cfbundle; includeInIndex = 0; path = FisrtAppIOsTests.xctest; sourceTree = BUILT_PRODUCTS_DIR; };
		FB9483952CFF83E600007C78 /* FisrtAppIOsUITests.xctest */ = {isa = PBXFileReference; explicitFileType = wrapper.cfbundle; includeInIndex = 0; path = FisrtAppIOsUITests.xctest; sourceTree = BUILT_PRODUCTS_DIR; };
/* End PBXFileReference section */

/* Begin PBXFileSystemSynchronizedRootGroup section */
		FB94837D2CFF83E400007C78 /* FisrtAppIOs */ = {
			isa = PBXFileSystemSynchronizedRootGroup;
			path = FisrtAppIOs;
			sourceTree = "<group>";
		};
		FB94838E2CFF83E600007C78 /* FisrtAppIOsTests */ = {
			isa = PBXFileSystemSynchronizedRootGroup;
			path = FisrtAppIOsTests;
			sourceTree = "<group>";
		};
		FB9483982CFF83E600007C78 /* FisrtAppIOsUITests */ = {
			isa = PBXFileSystemSynchronizedRootGroup;
			path = FisrtAppIOsUITests;
			sourceTree = "<group>";
		};
/* End PBXFileSystemSynchronizedRootGroup section */

/* Begin PBXFrameworksBuildPhase section */
		FB9483782CFF83E400007C78 /* Frameworks */ = {
			isa = PBXFrameworksBuildPhase;
			buildActionMask = 2147483647;
			files = (
			);
			runOnlyForDeploymentPostprocessing = 0;
		};
		FB9483882CFF83E600007C78 /* Frameworks */ = {
			isa = PBXFrameworksBuildPhase;
			buildActionMask = 2147483647;
			files = (
			);
			runOnlyForDeploymentPostprocessing = 0;
		};
		FB9483922CFF83E600007C78 /* Frameworks */ = {
			isa = PBXFrameworksBuildPhase;
			buildActionMask = 2147483647;
			files = (
			);
			runOnlyForDeploymentPostprocessing = 0;
		};
/* End PBXFrameworksBuildPhase section */

/* Begin PBXGroup section */
		FB9483722CFF83E400007C78 = {
			isa = PBXGroup;
			children = (
				FB94837D2CFF83E400007C78 /* FisrtAppIOs */,
				FB94838E2CFF83E600007C78 /* FisrtAppIOsTests */,
				FB9483982CFF83E600007C78 /* FisrtAppIOsUITests */,
				FB94837C2CFF83E400007C78 /* Products */,
			);
			sourceTree = "<group>";
		};
		FB94837C2CFF83E400007C78 /* Products */ = {
			isa = PBXGroup;
			children = (
				FB94837B2CFF83E400007C78 /* FisrtAppIOs.app */,
				FB94838B2CFF83E600007C78 /* FisrtAppIOsTests.xctest */,
				FB9483952CFF83E600007C78 /* FisrtAppIOsUITests.xctest */,
			);
			name = Products;
			sourceTree = "<group>";
		};
/* End PBXGroup section */

/* Begin PBXNativeTarget section */
		FB94837A2CFF83E400007C78 /* FisrtAppIOs */ = {
			isa = PBXNativeTarget;
			buildConfigurationList = FB94839F2CFF83E700007C78 /* Build configuration list for PBXNativeTarget "FisrtAppIOs" */;
			buildPhases = (
				FB9483772CFF83E400007C78 /* Sources */,
				FB9483782CFF83E400007C78 /* Frameworks */,
				FB9483792CFF83E400007C78 /* Resources */,
			);
			buildRules = (
			);
			dependencies = (
			);
			fileSystemSynchronizedGroups = (
				FB94837D2CFF83E400007C78 /* FisrtAppIOs */,
			);
			name = FisrtAppIOs;
			packageProductDependencies = (
			);
			productName = FisrtAppIOs;
			productReference = FB94837B2CFF83E400007C78 /* FisrtAppIOs.app */;
			productType = "com.apple.product-type.application";
		};
		FB94838A2CFF83E600007C78 /* FisrtAppIOsTests */ = {
			isa = PBXNativeTarget;
			buildConfigurationList = FB9483A22CFF83E700007C78 /* Build configuration list for PBXNativeTarget "FisrtAppIOsTests" */;
			buildPhases = (
				FB9483872CFF83E600007C78 /* Sources */,
				FB9483882CFF83E600007C78 /* Frameworks */,
				FB9483892CFF83E600007C78 /* Resources */,
			);
			buildRules = (
			);
			dependencies = (
				FB94838D2CFF83E600007C78 /* PBXTargetDependency */,
			);
			fileSystemSynchronizedGroups = (
				FB94838E2CFF83E600007C78 /* FisrtAppIOsTests */,
			);
			name = FisrtAppIOsTests;
			packageProductDependencies = (
			);
			productName = FisrtAppIOsTests;
			productReference = FB94838B2CFF83E600007C78 /* FisrtAppIOsTests.xctest */;
			productType = "com.apple.product-type.bundle.unit-test";
		};
		FB9483942CFF83E600007C78 /* FisrtAppIOsUITests */ = {
			isa = PBXNativeTarget;
			buildConfigurationList = FB9483A52CFF83E700007C78 /* Build configuration list for PBXNativeTarget "FisrtAppIOsUITests" */;
			buildPhases = (
				FB9483912CFF83E600007C78 /* Sources */,
				FB9483922CFF83E600007C78 /* Frameworks */,
				FB9483932CFF83E600007C78 /* Resources */,
			);
			buildRules = (
			);
			dependencies = (
				FB9483972CFF83E600007C78 /* PBXTargetDependency */,
			);
			fileSystemSynchronizedGroups = (
				FB9483982CFF83E600007C78 /* FisrtAppIOsUITests */,
			);
			name = FisrtAppIOsUITests;
			packageProductDependencies = (
			);
			productName = FisrtAppIOsUITests;
			productReference = FB9483952CFF83E600007C78 /* FisrtAppIOsUITests.xctest */;
			productType = "com.apple.product-type.bundle.ui-testing";
		};
/* End PBXNativeTarget section */

/* Begin PBXProject section */
		FB9483732CFF83E400007C78 /* Project object */ = {
			isa = PBXProject;
			attributes = {
				BuildIndependentTargetsInParallel = 1;
				LastSwiftUpdateCheck = 1610;
				LastUpgradeCheck = 1610;
				TargetAttributes = {
					FB94837A2CFF83E400007C78 = {
						CreatedOnToolsVersion = 16.1;
					};
					FB94838A2CFF83E600007C78 = {
						CreatedOnToolsVersion = 16.1;
						TestTargetID = FB94837A2CFF83E400007C78;
					};
					FB9483942CFF83E600007C78 = {
						CreatedOnToolsVersion = 16.1;
						TestTargetID = FB94837A2CFF83E400007C78;
					};
				};
			};
			buildConfigurationList = FB9483762CFF83E400007C78 /* Build configuration list for PBXProject "FisrtAppIOs" */;
			developmentRegion = en;
			hasScannedForEncodings = 0;
			knownRegions = (
				en,
				Base,
			);
			mainGroup = FB9483722CFF83E400007C78;
			minimizedProjectReferenceProxies = 1;
			preferredProjectObjectVersion = 77;
			productRefGroup = FB94837C2CFF83E400007C78 /* Products */;
			projectDirPath = "";
			projectRoot = "";
			targets = (
				FB94837A2CFF83E400007C78 /* FisrtAppIOs */,
				FB94838A2CFF83E600007C78 /* FisrtAppIOsTests */,
				FB9483942CFF83E600007C78 /* FisrtAppIOsUITests */,
			);
		};
/* End PBXProject section */

/* Begin PBXResourcesBuildPhase section */
		FB9483792CFF83E400007C78 /* Resources */ = {
			isa = PBXResourcesBuildPhase;
			buildActionMask = 2147483647;
			files = (
			);
			runOnlyForDeploymentPostprocessing = 0;
		};
		FB9483892CFF83E600007C78 /* Resources */ = {
			isa = PBXResourcesBuildPhase;
			buildActionMask = 2147483647;
			files = (
			);
			runOnlyForDeploymentPostprocessing = 0;
		};
		FB9483932CFF83E600007C78 /* Resources */ = {
			isa = PBXResourcesBuildPhase;
			buildActionMask = 2147483647;
			files = (
			);
			runOnlyForDeploymentPostprocessing = 0;
		};
/* End PBXResourcesBuildPhase section */

/* Begin PBXSourcesBuildPhase section */
		FB9483772CFF83E400007C78 /* Sources */ = {
			isa = PBXSourcesBuildPhase;
			buildActionMask = 2147483647;
			files = (
			);
			runOnlyForDeploymentPostprocessing = 0;
		};
		FB9483872CFF83E600007C78 /* Sources */ = {
			isa = PBXSourcesBuildPhase;
			buildActionMask = 2147483647;
			files = (
			);
			runOnlyForDeploymentPostprocessing = 0;
		};
		FB9483912CFF83E600007C78 /* Sources */ = {
			isa = PBXSourcesBuildPhase;
			buildActionMask = 2147483647;
			files = (
			);
			runOnlyForDeploymentPostprocessing = 0;
		};
/* End PBXSourcesBuildPhase section */

/* Begin PBXTargetDependency section */
		FB94838D2CFF83E600007C78 /* PBXTargetDependency */ = {
			isa = PBXTargetDependency;
			target = FB94837A2CFF83E400007C78 /* FisrtAppIOs */;
			targetProxy = FB94838C2CFF83E600007C78 /* PBXContainerItemProxy */;
		};
		FB9483972CFF83E600007C78 /* PBXTargetDependency */ = {
			isa = PBXTargetDependency;
			target = FB94837A2CFF83E400007C78 /* FisrtAppIOs */;
			targetProxy = FB9483962CFF83E600007C78 /* PBXContainerItemProxy */;
		};
/* End PBXTargetDependency section */

/* Begin XCBuildConfiguration section */
		FB94839D2CFF83E700007C78 /* Debug */ = {
			isa = XCBuildConfiguration;
			buildSettings = {
				ALWAYS_SEARCH_USER_PATHS = NO;
				ASSETCATALOG_COMPILER_GENERATE_SWIFT_ASSET_SYMBOL_EXTENSIONS = YES;
				CLANG_ANALYZER_NONNULL = YES;
				CLANG_ANALYZER_NUMBER_OBJECT_CONVERSION = YES_AGGRESSIVE;
				CLANG_CXX_LANGUAGE_STANDARD = "gnu++20";
				CLANG_ENABLE_MODULES = YES;
				CLANG_ENABLE_OBJC_ARC = YES;
				CLANG_ENABLE_OBJC_WEAK = YES;
				CLANG_WARN_BLOCK_CAPTURE_AUTORELEASING = YES;
				CLANG_WARN_BOOL_CONVERSION = YES;
				CLANG_WARN_COMMA = YES;
				CLANG_WARN_CONSTANT_CONVERSION = YES;
				CLANG_WARN_DEPRECATED_OBJC_IMPLEMENTATIONS = YES;
				CLANG_WARN_DIRECT_OBJC_ISA_USAGE = YES_ERROR;
				CLANG_WARN_DOCUMENTATION_COMMENTS = YES;
				CLANG_WARN_EMPTY_BODY = YES;
				CLANG_WARN_ENUM_CONVERSION = YES;
				CLANG_WARN_INFINITE_RECURSION = YES;
				CLANG_WARN_INT_CONVERSION = YES;
				CLANG_WARN_NON_LITERAL_NULL_CONVERSION = YES;
				CLANG_WARN_OBJC_IMPLICIT_RETAIN_SELF = YES;
				CLANG_WARN_OBJC_LITERAL_CONVERSION = YES;
				CLANG_WARN_OBJC_ROOT_CLASS = YES_ERROR;
				CLANG_WARN_QUOTED_INCLUDE_IN_FRAMEWORK_HEADER = YES;
				CLANG_WARN_RANGE_LOOP_ANALYSIS = YES;
				CLANG_WARN_STRICT_PROTOTYPES = YES;
				CLANG_WARN_SUSPICIOUS_MOVE = YES;
				CLANG_WARN_UNGUARDED_AVAILABILITY = YES_AGGRESSIVE;
				CLANG_WARN_UNREACHABLE_CODE = YES;
				CLANG_WARN__DUPLICATE_METHOD_MATCH = YES;
				COPY_PHASE_STRIP = NO;
				DEBUG_INFORMATION_FORMAT = dwarf;
				ENABLE_STRICT_OBJC_MSGSEND = YES;
				ENABLE_TESTABILITY = YES;
				ENABLE_USER_SCRIPT_SANDBOXING = YES;
				GCC_C_LANGUAGE_STANDARD = gnu17;
				GCC_DYNAMIC_NO_PIC = NO;
				GCC_NO_COMMON_BLOCKS = YES;
				GCC_OPTIMIZATION_LEVEL = 0;
				GCC_PREPROCESSOR_DEFINITIONS = (
					"DEBUG=1",
					"$(inherited)",
				);
				GCC_WARN_64_TO_32_BIT_CONVERSION = YES;
				GCC_WARN_ABOUT_RETURN_TYPE = YES_ERROR;
				GCC_WARN_UNDECLARED_SELECTOR = YES;
				GCC_WARN_UNINITIALIZED_AUTOS = YES_AGGRESSIVE;
				GCC_WARN_UNUSED_FUNCTION = YES;
				GCC_WARN_UNUSED_VARIABLE = YES;
				IPHONEOS_DEPLOYMENT_TARGET = 18.1;
				LOCALIZATION_PREFERS_STRING_CATALOGS = YES;
				MTL_ENABLE_DEBUG_INFO = INCLUDE_SOURCE;
				MTL_FAST_MATH = YES;
				ONLY_ACTIVE_ARCH = YES;
				SDKROOT = iphoneos;
				SWIFT_ACTIVE_COMPILATION_CONDITIONS = "DEBUG $(inherited)";
				SWIFT_OPTIMIZATION_LEVEL = "-Onone";
			};
			name = Debug;
		};
		FB94839E2CFF83E700007C78 /* Release */ = {
			isa = XCBuildConfiguration;
			buildSettings = {
				ALWAYS_SEARCH_USER_PATHS = NO;
				ASSETCATALOG_COMPILER_GENERATE_SWIFT_ASSET_SYMBOL_EXTENSIONS = YES;
				CLANG_ANALYZER_NONNULL = YES;
				CLANG_ANALYZER_NUMBER_OBJECT_CONVERSION = YES_AGGRESSIVE;
				CLANG_CXX_LANGUAGE_STANDARD = "gnu++20";
				CLANG_ENABLE_MODULES = YES;
				CLANG_ENABLE_OBJC_ARC = YES;
				CLANG_ENABLE_OBJC_WEAK = YES;
				CLANG_WARN_BLOCK_CAPTURE_AUTORELEASING = YES;
				CLANG_WARN_BOOL_CONVERSION = YES;
				CLANG_WARN_COMMA = YES;
				CLANG_WARN_CONSTANT_CONVERSION = YES;
				CLANG_WARN_DEPRECATED_OBJC_IMPLEMENTATIONS = YES;
				CLANG_WARN_DIRECT_OBJC_ISA_USAGE = YES_ERROR;
				CLANG_WARN_DOCUMENTATION_COMMENTS = YES;
				CLANG_WARN_EMPTY_BODY = YES;
				CLANG_WARN_ENUM_CONVERSION = YES;
				CLANG_WARN_INFINITE_RECURSION = YES;
				CLANG_WARN_INT_CONVERSION = YES;
				CLANG_WARN_NON_LITERAL_NULL_CONVERSION = YES;
				CLANG_WARN_OBJC_IMPLICIT_RETAIN_SELF = YES;
				CLANG_WARN_OBJC_LITERAL_CONVERSION = YES;
				CLANG_WARN_OBJC_ROOT_CLASS = YES_ERROR;
				CLANG_WARN_QUOTED_INCLUDE_IN_FRAMEWORK_HEADER = YES;
				CLANG_WARN_RANGE_LOOP_ANALYSIS = YES;
				CLANG_WARN_STRICT_PROTOTYPES = YES;
				CLANG_WARN_SUSPICIOUS_MOVE = YES;
				CLANG_WARN_UNGUARDED_AVAILABILITY = YES_AGGRESSIVE;
				CLANG_WARN_UNREACHABLE_CODE = YES;
				CLANG_WARN__DUPLICATE_METHOD_MATCH = YES;
				COPY_PHASE_STRIP = NO;
				DEBUG_INFORMATION_FORMAT = "dwarf-with-dsym";
				ENABLE_NS_ASSERTIONS = NO;
				ENABLE_STRICT_OBJC_MSGSEND = YES;
				ENABLE_USER_SCRIPT_SANDBOXING = YES;
				GCC_C_LANGUAGE_STANDARD = gnu17;
				GCC_NO_COMMON_BLOCKS = YES;
				GCC_WARN_64_TO_32_BIT_CONVERSION = YES;
				GCC_WARN_ABOUT_RETURN_TYPE = YES_ERROR;
				GCC_WARN_UNDECLARED_SELECTOR = YES;
				GCC_WARN_UNINITIALIZED_AUTOS = YES_AGGRESSIVE;
				GCC_WARN_UNUSED_FUNCTION = YES;
				GCC_WARN_UNUSED_VARIABLE = YES;
				IPHONEOS_DEPLOYMENT_TARGET = 18.1;
				LOCALIZATION_PREFERS_STRING_CATALOGS = YES;
				MTL_ENABLE_DEBUG_INFO = NO;
				MTL_FAST_MATH = YES;
				SDKROOT = iphoneos;
				SWIFT_COMPILATION_MODE = wholemodule;
				VALIDATE_PRODUCT = YES;
			};
			name = Release;
		};
		FB9483A02CFF83E700007C78 /* Debug */ = {
			isa = XCBuildConfiguration;
			buildSettings = {
				ASSETCATALOG_COMPILER_APPICON_NAME = AppIcon;
				ASSETCATALOG_COMPILER_GLOBAL_ACCENT_COLOR_NAME = AccentColor;
				CODE_SIGN_STYLE = Automatic;
				CURRENT_PROJECT_VERSION = 1;
				DEVELOPMENT_ASSET_PATHS = "\"FisrtAppIOs/Preview Content\"";
				ENABLE_PREVIEWS = YES;
				GENERATE_INFOPLIST_FILE = YES;
				INFOPLIST_KEY_UIApplicationSceneManifest_Generation = YES;
				INFOPLIST_KEY_UIApplicationSupportsIndirectInputEvents = YES;
				INFOPLIST_KEY_UILaunchScreen_Generation = YES;
				INFOPLIST_KEY_UISupportedInterfaceOrientations_iPad = "UIInterfaceOrientationPortrait UIInterfaceOrientationPortraitUpsideDown UIInterfaceOrientationLandscapeLeft UIInterfaceOrientationLandscapeRight";
				INFOPLIST_KEY_UISupportedInterfaceOrientations_iPhone = "UIInterfaceOrientationPortrait UIInterfaceOrientationLandscapeLeft UIInterfaceOrientationLandscapeRight";
				LD_RUNPATH_SEARCH_PATHS = (
					"$(inherited)",
					"@executable_path/Frameworks",
				);
				MARKETING_VERSION = 1.0;
				PRODUCT_BUNDLE_IDENTIFIER = com.buystars.FisrtAppIOs;
				PRODUCT_NAME = "$(TARGET_NAME)";
				SWIFT_EMIT_LOC_STRINGS = YES;
				SWIFT_VERSION = 5.0;
				TARGETED_DEVICE_FAMILY = "1,2";
			};
			name = Debug;
		};
		FB9483A12CFF83E700007C78 /* Release */ = {
			isa = XCBuildConfiguration;
			buildSettings = {
				ASSETCATALOG_COMPILER_APPICON_NAME = AppIcon;
				ASSETCATALOG_COMPILER_GLOBAL_ACCENT_COLOR_NAME = AccentColor;
				CODE_SIGN_STYLE = Automatic;
				CURRENT_PROJECT_VERSION = 1;
				DEVELOPMENT_ASSET_PATHS = "\"FisrtAppIOs/Preview Content\"";
				ENABLE_PREVIEWS = YES;
				GENERATE_INFOPLIST_FILE = YES;
				INFOPLIST_KEY_UIApplicationSceneManifest_Generation = YES;
				INFOPLIST_KEY_UIApplicationSupportsIndirectInputEvents = YES;
				INFOPLIST_KEY_UILaunchScreen_Generation = YES;
				INFOPLIST_KEY_UISupportedInterfaceOrientations_iPad = "UIInterfaceOrientationPortrait UIInterfaceOrientationPortraitUpsideDown UIInterfaceOrientationLandscapeLeft UIInterfaceOrientationLandscapeRight";
				INFOPLIST_KEY_UISupportedInterfaceOrientations_iPhone = "UIInterfaceOrientationPortrait UIInterfaceOrientationLandscapeLeft UIInterfaceOrientationLandscapeRight";
				LD_RUNPATH_SEARCH_PATHS = (
					"$(inherited)",
					"@executable_path/Frameworks",
				);
				MARKETING_VERSION = 1.0;
				PRODUCT_BUNDLE_IDENTIFIER = com.buystars.FisrtAppIOs;
				PRODUCT_NAME = "$(TARGET_NAME)";
				SWIFT_EMIT_LOC_STRINGS = YES;
				SWIFT_VERSION = 5.0;
				TARGETED_DEVICE_FAMILY = "1,2";
			};
			name = Release;
		};
		FB9483A32CFF83E700007C78 /* Debug */ = {
			isa = XCBuildConfiguration;
			buildSettings = {
				BUNDLE_LOADER = "$(TEST_HOST)";
				CODE_SIGN_STYLE = Automatic;
				CURRENT_PROJECT_VERSION = 1;
				GENERATE_INFOPLIST_FILE = YES;
				IPHONEOS_DEPLOYMENT_TARGET = 18.1;
				MARKETING_VERSION = 1.0;
				PRODUCT_BUNDLE_IDENTIFIER = com.buystars.FisrtAppIOsTests;
				PRODUCT_NAME = "$(TARGET_NAME)";
				SWIFT_EMIT_LOC_STRINGS = NO;
				SWIFT_VERSION = 5.0;
				TARGETED_DEVICE_FAMILY = "1,2";
				TEST_HOST = "$(BUILT_PRODUCTS_DIR)/FisrtAppIOs.app/$(BUNDLE_EXECUTABLE_FOLDER_PATH)/FisrtAppIOs";
			};
			name = Debug;
		};
		FB9483A42CFF83E700007C78 /* Release */ = {
			isa = XCBuildConfiguration;
			buildSettings = {
				BUNDLE_LOADER = "$(TEST_HOST)";
				CODE_SIGN_STYLE = Automatic;
				CURRENT_PROJECT_VERSION = 1;
				GENERATE_INFOPLIST_FILE = YES;
				IPHONEOS_DEPLOYMENT_TARGET = 18.1;
				MARKETING_VERSION = 1.0;
				PRODUCT_BUNDLE_IDENTIFIER = com.buystars.FisrtAppIOsTests;
				PRODUCT_NAME = "$(TARGET_NAME)";
				SWIFT_EMIT_LOC_STRINGS = NO;
				SWIFT_VERSION = 5.0;
				TARGETED_DEVICE_FAMILY = "1,2";
				TEST_HOST = "$(BUILT_PRODUCTS_DIR)/FisrtAppIOs.app/$(BUNDLE_EXECUTABLE_FOLDER_PATH)/FisrtAppIOs";
			};
			name = Release;
		};
		FB9483A62CFF83E700007C78 /* Debug */ = {
			isa = XCBuildConfiguration;
			buildSettings = {
				CODE_SIGN_STYLE = Automatic;
				CURRENT_PROJECT_VERSION = 1;
				GENERATE_INFOPLIST_FILE = YES;
				MARKETING_VERSION = 1.0;
				PRODUCT_BUNDLE_IDENTIFIER = com.buystars.FisrtAppIOsUITests;
				PRODUCT_NAME = "$(TARGET_NAME)";
				SWIFT_EMIT_LOC_STRINGS = NO;
				SWIFT_VERSION = 5.0;
				TARGETED_DEVICE_FAMILY = "1,2";
				TEST_TARGET_NAME = FisrtAppIOs;
			};
			name = Debug;
		};
		FB9483A72CFF83E700007C78 /* Release */ = {
			isa = XCBuildConfiguration;
			buildSettings = {
				CODE_SIGN_STYLE = Automatic;
				CURRENT_PROJECT_VERSION = 1;
				GENERATE_INFOPLIST_FILE = YES;
				MARKETING_VERSION = 1.0;
				PRODUCT_BUNDLE_IDENTIFIER = com.buystars.FisrtAppIOsUITests;
				PRODUCT_NAME = "$(TARGET_NAME)";
				SWIFT_EMIT_LOC_STRINGS = NO;
				SWIFT_VERSION = 5.0;
				TARGETED_DEVICE_FAMILY = "1,2";
				TEST_TARGET_NAME = FisrtAppIOs;
			};
			name = Release;
		};
/* End XCBuildConfiguration section */

/* Begin XCConfigurationList section */
		FB9483762CFF83E400007C78 /* Build configuration list for PBXProject "FisrtAppIOs" */ = {
			isa = XCConfigurationList;
			buildConfigurations = (
				FB94839D2CFF83E700007C78 /* Debug */,
				FB94839E2CFF83E700007C78 /* Release */,
			);
			defaultConfigurationIsVisible = 0;
			defaultConfigurationName = Release;
		};
		FB94839F2CFF83E700007C78 /* Build configuration list for PBXNativeTarget "FisrtAppIOs" */ = {
			isa = XCConfigurationList;
			buildConfigurations = (
				FB9483A02CFF83E700007C78 /* Debug */,
				FB9483A12CFF83E700007C78 /* Release */,
			);
			defaultConfigurationIsVisible = 0;
			defaultConfigurationName = Release;
		};
		FB9483A22CFF83E700007C78 /* Build configuration list for PBXNativeTarget "FisrtAppIOsTests" */ = {
			isa = XCConfigurationList;
			buildConfigurations = (
				FB9483A32CFF83E700007C78 /* Debug */,
				FB9483A42CFF83E700007C78 /* Release */,
			);
			defaultConfigurationIsVisible = 0;
			defaultConfigurationName = Release;
		};
		FB9483A52CFF83E700007C78 /* Build configuration list for PBXNativeTarget "FisrtAppIOsUITests" */ = {
			isa = XCConfigurationList;
			buildConfigurations = (
				FB9483A62CFF83E700007C78 /* Debug */,
				FB9483A72CFF83E700007C78 /* Release */,
			);
			defaultConfigurationIsVisible = 0;
			defaultConfigurationName = Release;
		};
/* End XCConfigurationList section */
	};
	rootObject = FB9483732CFF83E400007C78 /* Project object */;
}
